{
  "originHash" : "6db5e754971d7a4a43c384e85e66f80fa5887245629a9c0e751bd18b7c7da7df",
  "pins" : [
    {
      "identity" : "flagskit",
      "kind" : "remoteSourceControl",
      "location" : "https://github.com/pichukov/FlagsKit.git",
      "state" : {
        "revision" : "fc98238228d15285eb1b89ec3c5c96c83170101d",
        "version" : "1.0.0"
      }
    },
    {
      "identity" : "inject",
      "kind" : "remoteSourceControl",
      "location" : "https://github.com/krzysztofzablocki/Inject.git",
      "state" : {
        "revision" : "728c56639ecb3df441d51d5bc6747329afabcfc9",
        "version" : "1.5.2"
      }
    }
  ],
  "version" : 3
}
